Microsoft Visual Studio Solution File, Format Version 11.00
# Visual Studio 2008

Project("{9A70A3D8-7C71-0DA9-959D-804B02016883}") = "AAAAA ZAMBEEE RUUUN", "Assembly-CSharp.csproj", "{8337109F-4942-FEB8-E6E6-05F6D6EC3DD5}"
EndProject
Global
	GlobalSection(SolutionConfigurationPlatforms) = preSolution
		Debug|Any CPU = Debug|Any CPU
		Release|Any CPU = Release|Any CPU
	EndGlobalSection
	GlobalSection(ProjectConfigurationPlatforms) = postSolution
		{8337109F-4942-FEB8-E6E6-05F6D6EC3DD5}.Debug|Any CPU.ActiveCfg = Debug|Any CPU
		{8337109F-4942-FEB8-E6E6-05F6D6EC3DD5}.Debug|Any CPU.Build.0 = Debug|Any CPU
		{8337109F-4942-FEB8-E6E6-05F6D6EC3DD5}.Release|Any CPU.ActiveCfg = Release|Any CPU
		{8337109F-4942-FEB8-E6E6-05F6D6EC3DD5}.Release|Any CPU.Build.0 = Release|Any CPU
	EndGlobalSection
	GlobalSection(SolutionProperties) = preSolution
		HideSolutionNode = FALSE
	EndGlobalSection
										GlobalSection(MonoDevelopProperties) = preSolution
		StartupItem = Assembly-CSharp.csproj
		Policies = $0
		$0.TextStylePolicy = $1
		$1.inheritsSet = null
		$1.scope = text/x-csharp
		$0.CSharpFormattingPolicy = $2
		$2.inheritsSet = Mono
		$2.inheritsScope = text/x-csharp
		$2.scope = text/x-csharp
		$0.TextStylePolicy = $3
		$3.FileWidth = 120
		$3.TabWidth = 4
		$3.IndentWidth = 4
		$3.EolMarker = Unix
		$3.inheritsSet = Mono
		$3.inheritsScope = text/plain
		$3.scope = text/plain
	EndGlobalSection

EndGlobal
